// !$*UTF8*$!
{
	archiveVersion = 1;
	classes = {
	};
	objectVersion = 46;
	objects = {

/* Begin PBXBuildFile section */
		BA9059C31B394C870097A463 /* AppDelegate.swift in Sources */ = {isa = PBXBuildFile; fileRef = BA9059C21B394C870097A463 /* AppDelegate.swift */; };
		BA9059C51B394C870097A463 /* ViewController.swift in Sources */ = {isa = PBXBuildFile; fileRef = BA9059C41B394C870097A463 /* ViewController.swift */; };
		BA9059C81B394C870097A463 /* Main.storyboard in Resources */ = {isa = PBXBuildFile; fileRef = BA9059C61B394C870097A463 /* Main.storyboard */; };
		BA9059CA1B394C870097A463 /* Images.xcassets in Resources */ = {isa = PBXBuildFile; fileRef = BA9059C91B394C870097A463 /* Images.xcassets */; };
		BA9059CD1B394C870097A463 /* LaunchScreen.xib in Resources */ = {isa = PBXBuildFile; fileRef = BA9059CB1B394C870097A463 /* LaunchScreen.xib */; };
		BA9059D91B394C870097A463 /* Project16JSInjectionWithSafariExtensionTests.swift in Sources */ = {isa = PBXBuildFile; fileRef = BA9059D81B394C870097A463 /* Project16JSInjectionWithSafariExtensionTests.swift */; };
/* End PBXBuildFile section */

/* Begin PBXContainerItemProxy section */
		BA9059D31B394C870097A463 /* PBXContainerItemProxy */ = {
			isa = PBXContainerItemProxy;
			containerPortal = BA9059B51B394C870097A463 /* Project object */;
			proxyType = 1;
			remoteGlobalIDString = BA9059BC1B394C870097A463;
			remoteInfo = Project16JSInjectionWithSafariExtension;
		};
/* End PBXContainerItemProxy section */

/* Begin PBXFileReference section */
		BA9059BD1B394C870097A463 /* Project16JSInjectionWithSafariExtension.app */ = {isa = PBXFileReference; explicitFileType = wrapper.application; includeInIndex = 0; path = Project16JSInjectionWithSafariExtension.app; sourceTree = BUILT_PRODUCTS_DIR; };
		BA9059C11B394C870097A463 /* Info.plist */ = {isa = PBXFileReference; lastKnownFileType = text.plist.xml; path = Info.plist; sourceTree = "<group>"; };
		BA9059C21B394C870097A463 /* AppDelegate.swift */ = {isa = PBXFileReference; lastKnownFileType = sourcecode.swift; path = AppDelegate.swift; sourceTree = "<group>"; };
		BA9059C41B394C870097A463 /* ViewController.swift */ = {isa = PBXFileReference; lastKnownFileType = sourcecode.swift; path = ViewController.swift; sourceTree = "<group>"; };
		BA9059C71B394C870097A463 /* Base */ = {isa = PBXFileReference; lastKnownFileType = file.storyboard; name = Base; path = Base.lproj/Main.storyboard; sourceTree = "<group>"; };
		BA9059C91B394C870097A463 /* Images.xcassets */ = {isa = PBXFileReference; lastKnownFileType = folder.assetcatalog; path = Images.xcassets; sourceTree = "<group>"; };
		BA9059CC1B394C870097A463 /* Base */ = {isa = PBXFileReference; lastKnownFileType = file.xib; name = Base; path = Base.lproj/LaunchScreen.xib; sourceTree = "<group>"; };
		BA9059D21B394C870097A463 /* Project16JSInjectionWithSafariExtensionTests.xctest */ = {isa = PBXFileReference; explicitFileType = wrapper.cfbundle; includeInIndex = 0; path = Project16JSInjectionWithSafariExtensionTests.xctest; sourceTree = BUILT_PRODUCTS_DIR; };
		BA9059D71B394C870097A463 /* Info.plist */ = {isa = PBXFileReference; lastKnownFileType = text.plist.xml; path = Info.plist; sourceTree = "<group>"; };
		BA9059D81B394C870097A463 /* Project16JSInjectionWithSafariExtensionTests.swift */ = {isa = PBXFileReference; lastKnownFileType = sourcecode.swift; path = Project16JSInjectionWithSafariExtensionTests.swift; sourceTree = "<group>"; };
/* End PBXFileReference section */

/* Begin PBXFrameworksBuildPhase section */
		BA9059BA1B394C870097A463 /* Frameworks */ = {
			isa = PBXFrameworksBuildPhase;
			buildActionMask = 2147483647;
			files = (
			);
			runOnlyForDeploymentPostprocessing = 0;
		};
		BA9059CF1B394C870097A463 /* Frameworks */ = {
			isa = PBXFrameworksBuildPhase;
			buildActionMask = 2147483647;
			files = (
			);
			runOnlyForDeploymentPostprocessing = 0;
		};
/* End PBXFrameworksBuildPhase section */

/* Begin PBXGroup section */
		BA9059B41B394C870097A463 = {
			isa = PBXGroup;
			children = (
				BA9059BF1B394C870097A463 /* Project16JSInjectionWithSafariExtension */,
				BA9059D51B394C870097A463 /* Project16JSInjectionWithSafariExtensionTests */,
				BA9059BE1B394C870097A463 /* Products */,
			);
			sourceTree = "<group>";
		};
		BA9059BE1B394C870097A463 /* Products */ = {
			isa = PBXGroup;
			children = (
				BA9059BD1B394C870097A463 /* Project16JSInjectionWithSafariExtension.app */,
				BA9059D21B394C870097A463 /* Project16JSInjectionWithSafariExtensionTests.xctest */,
			);
			name = Products;
			sourceTree = "<group>";
		};
		BA9059BF1B394C870097A463 /* Project16JSInjectionWithSafariExtension */ = {
			isa = PBXGroup;
			children = (
				BA9059C41B394C870097A463 /* ViewController.swift */,
				BA9059C61B394C870097A463 /* Main.storyboard */,
				BA9059C01B394C870097A463 /* Supporting Files */,
			);
			path = Project16JSInjectionWithSafariExtension;
			sourceTree = "<group>";
		};
		BA9059C01B394C870097A463 /* Supporting Files */ = {
			isa = PBXGroup;
			children = (
				BA9059C21B394C870097A463 /* AppDelegate.swift */,
				BA9059C91B394C870097A463 /* Images.xcassets */,
				BA9059CB1B394C870097A463 /* LaunchScreen.xib */,
				BA9059C11B394C870097A463 /* Info.plist */,
			);
			name = "Supporting Files";
			sourceTree = "<group>";
		};
		BA9059D51B394C870097A463 /* Project16JSInjectionWithSafariExtensionTests */ = {
			isa = PBXGroup;
			children = (
				BA9059D81B394C870097A463 /* Project16JSInjectionWithSafariExtensionTests.swift */,
				BA9059D61B394C870097A463 /* Supporting Files */,
			);
			path = Project16JSInjectionWithSafariExtensionTests;
			sourceTree = "<group>";
		};
		BA9059D61B394C870097A463 /* Supporting Files */ = {
			isa = PBXGroup;
			children = (
				BA9059D71B394C870097A463 /* Info.plist */,
			);
			name = "Supporting Files";
			sourceTree = "<group>";
		};
/* End PBXGroup section */

/* Begin PBXNativeTarget section */
		BA9059BC1B394C870097A463 /* Project16JSInjectionWithSafariExtension */ = {
			isa = PBXNativeTarget;
			buildConfigurationList = BA9059DC1B394C870097A463 /* Build configuration list for PBXNativeTarget "Project16JSInjectionWithSafariExtension" */;
			buildPhases = (
				BA9059B91B394C870097A463 /* Sources */,
				BA9059BA1B394C870097A463 /* Frameworks */,
				BA9059BB1B394C870097A463 /* Resources */,
			);
			buildRules = (
			);
			dependencies = (
			);
			name = Project16JSInjectionWithSafariExtension;
			productName = Project16JSInjectionWithSafariExtension;
			productReference = BA9059BD1B394C870097A463 /* Project16JSInjectionWithSafariExtension.app */;
			productType = "com.apple.product-type.application";
		};
		BA9059D11B394C870097A463 /* Project16JSInjectionWithSafariExtensionTests */ = {
			isa = PBXNativeTarget;
			buildConfigurationList = BA9059DF1B394C870097A463 /* Build configuration list for PBXNativeTarget "Project16JSInjectionWithSafariExtensionTests" */;
			buildPhases = (
				BA9059CE1B394C870097A463 /* Sources */,
				BA9059CF1B394C870097A463 /* Frameworks */,
				BA9059D01B394C870097A463 /* Resources */,
			);
			buildRules = (
			);
			dependencies = (
				BA9059D41B394C870097A463 /* PBXTargetDependency */,
			);
			name = Project16JSInjectionWithSafariExtensionTests;
			productName = Project16JSInjectionWithSafariExtensionTests;
			productReference = BA9059D21B394C870097A463 /* Project16JSInjectionWithSafariExtensionTests.xctest */;
			productType = "com.apple.product-type.bundle.unit-test";
		};
/* End PBXNativeTarget section */

/* Begin PBXProject section */
		BA9059B51B394C870097A463 /* Project object */ = {
			isa = PBXProject;
			attributes = {
				LastUpgradeCheck = 0630;
				ORGANIZATIONNAME = Henry;
				TargetAttributes = {
					BA9059BC1B394C870097A463 = {
						CreatedOnToolsVersion = 6.3.2;
					};
					BA9059D11B394C870097A463 = {
						CreatedOnToolsVersion = 6.3.2;
						TestTargetID = BA9059BC1B394C870097A463;
					};
				};
			};
			buildConfigurationList = BA9059B81B394C870097A463 /* Build configuration list for PBXProject "Project16JSInjectionWithSafariExtension" */;
			compatibilityVersion = "Xcode 3.2";
			developmentRegion = English;
			hasScannedForEncodings = 0;
			knownRegions = (
				en,
				Base,
			);
			mainGroup = BA9059B41B394C870097A463;
			productRefGroup = BA9059BE1B394C870097A463 /* Products */;
			projectDirPath = "";
			projectRoot = "";
			targets = (
				BA9059BC1B394C870097A463 /* Project16JSInjectionWithSafariExtension */,
				BA9059D11B394C870097A463 /* Project16JSInjectionWithSafariExtensionTests */,
			);
		};
/* End PBXProject section */

/* Begin PBXResourcesBuildPhase section */
		BA9059BB1B394C870097A463 /* Resources */ = {
			isa = PBXResourcesBuildPhase;
			buildActionMask = 2147483647;
			files = (
				BA9059C81B394C870097A463 /* Main.storyboard in Resources */,
				BA9059CD1B394C870097A463 /* LaunchScreen.xib in Resources */,
				BA9059CA1B394C870097A463 /* Images.xcassets in Resources */,
			);
			runOnlyForDeploymentPostprocessing = 0;
		};
		BA9059D01B394C870097A463 /* Resources */ = {
			isa = PBXResourcesBuildPhase;
			buildActionMask = 2147483647;
			files = (
			);
			runOnlyForDeploymentPostprocessing = 0;
		};
/* End PBXResourcesBuildPhase section */

/* Begin PBXSourcesBuildPhase section */
		BA9059B91B394C870097A463 /* Sources */ = {
			isa = PBXSourcesBuildPhase;
			buildActionMask = 2147483647;
			files = (
				BA9059C51B394C870097A463 /* ViewController.swift in Sources */,
				BA9059C31B394C870097A463 /* AppDelegate.swift in Sources */,
			);
			runOnlyForDeploymentPostprocessing = 0;
		};
		BA9059CE1B394C870097A463 /* Sources */ = {
			isa = PBXSourcesBuildPhase;
			buildActionMask = 2147483647;
			files = (
				BA9059D91B394C870097A463 /* Project16JSInjectionWithSafariExtensionTests.swift in Sources */,
			);
			runOnlyForDeploymentPostprocessing = 0;
		};
/* End PBXSourcesBuildPhase section */

/* Begin PBXTargetDependency section */
		BA9059D41B394C870097A463 /* PBXTargetDependency */ = {
			isa = PBXTargetDependency;
			target = BA9059BC1B394C870097A463 /* Project16JSInjectionWithSafariExtension */;
			targetProxy = BA9059D31B394C870097A463 /* PBXContainerItemProxy */;
		};
/* End PBXTargetDependency section */

/* Begin PBXVariantGroup section */
		BA9059C61B394C870097A463 /* Main.storyboard */ = {
			isa = PBXVariantGroup;
			children = (
				BA9059C71B394C870097A463 /* Base */,
			);
			name = Main.storyboard;
			sourceTree = "<group>";
		};
		BA9059CB1B394C870097A463 /* LaunchScreen.xib */ = {
			isa = PBXVariantGroup;
			children = (
				BA9059CC1B394C870097A463 /* Base */,
			);
			name = LaunchScreen.xib;
			sourceTree = "<group>";
		};
/* End PBXVariantGroup section */

/* Begin XCBuildConfiguration section */
		BA9059DA1B394C870097A463 /* Debug */ = {
			isa = XCBuildConfiguration;
			buildSettings = {
				ALWAYS_SEARCH_USER_PATHS = NO;
				CLANG_CXX_LANGUAGE_STANDARD = "gnu++0x";
				CLANG_CXX_LIBRARY = "libc++";
				CLANG_ENABLE_MODULES = YES;
				CLANG_ENABLE_OBJC_ARC = YES;
				CLANG_WARN_BOOL_CONVERSION = YES;
				CLANG_WARN_CONSTANT_CONVERSION = YES;
				CLANG_WARN_DIRECT_OBJC_ISA_USAGE = YES_ERROR;
				CLANG_WARN_EMPTY_BODY = YES;
				CLANG_WARN_ENUM_CONVERSION = YES;
				CLANG_WARN_INT_CONVERSION = YES;
				CLANG_WARN_OBJC_ROOT_CLASS = YES_ERROR;
				CLANG_WARN_UNREACHABLE_CODE = YES;
				CLANG_WARN__DUPLICATE_METHOD_MATCH = YES;
				"CODE_SIGN_IDENTITY[sdk=iphoneos*]" = "iPhone Developer";
				COPY_PHASE_STRIP = NO;
				DEBUG_INFORMATION_FORMAT = "dwarf-with-dsym";
				ENABLE_STRICT_OBJC_MSGSEND = YES;
				GCC_C_LANGUAGE_STANDARD = gnu99;
				GCC_DYNAMIC_NO_PIC = NO;
				GCC_NO_COMMON_BLOCKS = YES;
				GCC_OPTIMIZATION_LEVEL = 0;
				GCC_PREPROCESSOR_DEFINITIONS = (
					"DEBUG=1",
					"$(inherited)",
				);
				GCC_SYMBOLS_PRIVATE_EXTERN = NO;
				GCC_WARN_64_TO_32_BIT_CONVERSION = YES;
				GCC_WARN_ABOUT_RETURN_TYPE = YES_ERROR;
				GCC_WARN_UNDECLARED_SELECTOR = YES;
				GCC_WARN_UNINITIALIZED_AUTOS = YES_AGGRESSIVE;
				GCC_WARN_UNUSED_FUNCTION = YES;
				GCC_WARN_UNUSED_VARIABLE = YES;
				IPHONEOS_DEPLOYMENT_TARGET = 8.3;
				MTL_ENABLE_DEBUG_INFO = YES;
				ONLY_ACTIVE_ARCH = YES;
				SDKROOT = iphoneos;
				SWIFT_OPTIMIZATION_LEVEL = "-Onone";
			};
			name = Debug;
		};
		BA9059DB1B394C870097A463 /* Release */ = {
			isa = XCBuildConfiguration;
			buildSettings = {
				ALWAYS_SEARCH_USER_PATHS = NO;
				CLANG_CXX_LANGUAGE_STANDARD = "gnu++0x";
				CLANG_CXX_LIBRARY = "libc++";
				CLANG_ENABLE_MODULES = YES;
				CLANG_ENABLE_OBJC_ARC = YES;
				CLANG_WARN_BOOL_CONVERSION = YES;
				CLANG_WARN_CONSTANT_CONVERSION = YES;
				CLANG_WARN_DIRECT_OBJC_ISA_USAGE = YES_ERROR;
				CLANG_WARN_EMPTY_BODY = YES;
				CLANG_WARN_ENUM_CONVERSION = YES;
				CLANG_WARN_INT_CONVERSION = YES;
				CLANG_WARN_OBJC_ROOT_CLASS = YES_ERROR;
				CLANG_WARN_UNREACHABLE_CODE = YES;
				CLANG_WARN__DUPLICATE_METHOD_MATCH = YES;
				"CODE_SIGN_IDENTITY[sdk=iphoneos*]" = "iPhone Developer";
				COPY_PHASE_STRIP = NO;
				DEBUG_INFORMATION_FORMAT = "dwarf-with-dsym";
				ENABLE_NS_ASSERTIONS = NO;
				ENABLE_STRICT_OBJC_MSGSEND = YES;
				GCC_C_LANGUAGE_STANDARD = gnu99;
				GCC_NO_COMMON_BLOCKS = YES;
				GCC_WARN_64_TO_32_BIT_CONVERSION = YES;
				GCC_WARN_ABOUT_RETURN_TYPE = YES_ERROR;
				GCC_WARN_UNDECLARED_SELECTOR = YES;
				GCC_WARN_UNINITIALIZED_AUTOS = YES_AGGRESSIVE;
				GCC_WARN_UNUSED_FUNCTION = YES;
				GCC_WARN_UNUSED_VARIABLE = YES;
				IPHONEOS_DEPLOYMENT_TARGET = 8.3;
				MTL_ENABLE_DEBUG_INFO = NO;
				SDKROOT = iphoneos;
				VALIDATE_PRODUCT = YES;
			};
			name = Release;
		};
		BA9059DD1B394C870097A463 /* Debug */ = {
			isa = XCBuildConfiguration;
			buildSettings = {
				ASSETCATALOG_COMPILER_APPICON_NAME = AppIcon;
				INFOPLIST_FILE = Project16JSInjectionWithSafariExtension/Info.plist;
				LD_RUNPATH_SEARCH_PATHS = "$(inherited) @executable_path/Frameworks";
				PRODUCT_NAME = "$(TARGET_NAME)";
			};
			name = Debug;
		};
		BA9059DE1B394C870097A463 /* Release */ = {
			isa = XCBuildConfiguration;
			buildSettings = {
				ASSETCATALOG_COMPILER_APPICON_NAME = AppIcon;
				INFOPLIST_FILE = Project16JSInjectionWithSafariExtension/Info.plist;
				LD_RUNPATH_SEARCH_PATHS = "$(inherited) @executable_path/Frameworks";
				PRODUCT_NAME = "$(TARGET_NAME)";
			};
			name = Release;
		};
		BA9059E01B394C870097A463 /* Debug */ = {
			isa = XCBuildConfiguration;
			buildSettings = {
				BUNDLE_LOADER = "$(TEST_HOST)";
				FRAMEWORK_SEARCH_PATHS = (
					"$(SDKROOT)/Developer/Library/Frameworks",
					"$(inherited)",
				);
				GCC_PREPROCESSOR_DEFINITIONS = (
					"DEBUG=1",
					"$(inherited)",
				);
				INFOPLIST_FILE = Project16JSInjectionWithSafariExtensionTests/Info.plist;
				LD_RUNPATH_SEARCH_PATHS = "$(inherited) @executable_path/Frameworks @loader_path/Frameworks";
				PRODUCT_NAME = "$(TARGET_NAME)";
				TEST_HOST = "$(BUILT_PRODUCTS_DIR)/Project16JSInjectionWithSafariExtension.app/Project16JSInjectionWithSafariExtension";
			};
			name = Debug;
		};
		BA9059E11B394C870097A463 /* Release */ = {
			isa = XCBuildConfiguration;
			buildSettings = {
				BUNDLE_LOADER = "$(TEST_HOST)";
				FRAMEWORK_SEARCH_PATHS = (
					"$(SDKROOT)/Developer/Library/Frameworks",
					"$(inherited)",
				);
				INFOPLIST_FILE = Project16JSInjectionWithSafariExtensionTests/Info.plist;
				LD_RUNPATH_SEARCH_PATHS = "$(inherited) @executable_path/Frameworks @loader_path/Frameworks";
				PRODUCT_NAME = "$(TARGET_NAME)";
				TEST_HOST = "$(BUILT_PRODUCTS_DIR)/Project16JSInjectionWithSafariExtension.app/Project16JSInjectionWithSafariExtension";
			};
			name = Release;
		};
/* End XCBuildConfiguration section */

/* Begin XCConfigurationList section */
		BA9059B81B394C870097A463 /* Build configuration list for PBXProject "Project16JSInjectionWithSafariExtension" */ = {
			isa = XCConfigurationList;
			buildConfigurations = (
				BA9059DA1B394C870097A463 /* Debug */,
				BA9059DB1B394C870097A463 /* Release */,
			);
			defaultConfigurationIsVisible = 0;
			defaultConfigurationName = Release;
		};
		BA9059DC1B394C870097A463 /* Build configuration list for PBXNativeTarget "Project16JSInjectionWithSafariExtension" */ = {
			isa = XCConfigurationList;
			buildConfigurations = (
				BA9059DD1B394C870097A463 /* Debug */,
				BA9059DE1B394C870097A463 /* Release */,
			);
			defaultConfigurationIsVisible = 0;
			defaultConfigurationName = Release;
		};
		BA9059DF1B394C870097A463 /* Build configuration list for PBXNativeTarget "Project16JSInjectionWithSafariExtensionTests" */ = {
			isa = XCConfigurationList;
			buildConfigurations = (
				BA9059E01B394C870097A463 /* Debug */,
				BA9059E11B394C870097A463 /* Release */,
			);
			defaultConfigurationIsVisible = 0;
			defaultConfigurationName = Release;
		};
/* End XCConfigurationList section */
	};
	rootObject = BA9059B51B394C870097A463 /* Project object */;
}
